
Microsoft Visual Studio Solution File, Format Version 12.00
# Visual Studio 15
VisualStudioVersion = 15.0.27428.2015
MinimumVisualStudioVersion = 10.0.40219.1
Project("{8BC9CEB8-8B4A-11D0-8D11-00A0C91BC942}") = "SimplexEngine", "SimplexEngine\SimplexEngine.vcxproj", "{BBFD55BE-1F80-4155-AB0F-58F55E6B060E}"
	ProjectSection(ProjectDependencies) = postProject
		{664E6F0D-6784-4760-9565-D54F8EB1EDF4} = {664E6F0D-6784-4760-9565-D54F8EB1EDF4}
	EndProjectSection
EndProject
Project("{8BC9CEB8-8B4A-11D0-8D11-00A0C91BC942}") = "glew_static", "GLEW\build\vc12\glew_static.vcxproj", "{664E6F0D-6784-4760-9565-D54F8EB1EDF4}"
EndProject
Global
	GlobalSection(SolutionConfigurationPlatforms) = preSolution
		Debug|x64 = Debug|x64
		Debug|x86 = Debug|x86
		Release|x64 = Release|x64
		Release|x86 = Release|x86
	EndGlobalSection
	GlobalSection(ProjectConfigurationPlatforms) = postSolution
		{BBFD55BE-1F80-4155-AB0F-58F55E6B060E}.Debug|x64.ActiveCfg = Debug|x64
		{BBFD55BE-1F80-4155-AB0F-58F55E6B060E}.Debug|x64.Build.0 = Debug|x64
		{BBFD55BE-1F80-4155-AB0F-58F55E6B060E}.Debug|x86.ActiveCfg = Debug|Win32
		{BBFD55BE-1F80-4155-AB0F-58F55E6B060E}.Debug|x86.Build.0 = Debug|Win32
		{BBFD55BE-1F80-4155-AB0F-58F55E6B060E}.Release|x64.ActiveCfg = Release|x64
		{BBFD55BE-1F80-4155-AB0F-58F55E6B060E}.Release|x64.Build.0 = Release|x64
		{BBFD55BE-1F80-4155-AB0F-58F55E6B060E}.Release|x86.ActiveCfg = Release|Win32
		{BBFD55BE-1F80-4155-AB0F-58F55E6B060E}.Release|x86.Build.0 = Release|Win32
		{664E6F0D-6784-4760-9565-D54F8EB1EDF4}.Debug|x64.ActiveCfg = Debug|x64
		{664E6F0D-6784-4760-9565-D54F8EB1EDF4}.Debug|x64.Build.0 = Debug|x64
		{664E6F0D-6784-4760-9565-D54F8EB1EDF4}.Debug|x86.ActiveCfg = Debug|Win32
		{664E6F0D-6784-4760-9565-D54F8EB1EDF4}.Debug|x86.Build.0 = Debug|Win32
		{664E6F0D-6784-4760-9565-D54F8EB1EDF4}.Release|x64.ActiveCfg = Release|x64
		{664E6F0D-6784-4760-9565-D54F8EB1EDF4}.Release|x64.Build.0 = Release|x64
		{664E6F0D-6784-4760-9565-D54F8EB1EDF4}.Release|x86.ActiveCfg = Release|Win32
		{664E6F0D-6784-4760-9565-D54F8EB1EDF4}.Release|x86.Build.0 = Release|Win32
	EndGlobalSection
	GlobalSection(SolutionProperties) = preSolution
		HideSolutionNode = FALSE
	EndGlobalSection
	GlobalSection(ExtensibilityGlobals) = postSolution
		SolutionGuid = {EAEACA78-0B67-4E38-AFFE-AA6BC8AA916E}
	EndGlobalSection
EndGlobal
